
Microsoft Visual Studio Solution File, Format Version 12.00
# Visual Studio Version 17
VisualStudioVersion = 17.9.34701.34
MinimumVisualStudioVersion = 10.0.40219.1
Project("{FAE04EC0-301F-11D3-BF4B-00C04F79EFBC}") = "WebApplication1", "WebApplication1\WebApplication1.csproj", "{CFAFD763-BCA4-4DDA-8A37-C8596FA5E7CD}"
EndProject
Global
	GlobalSection(SolutionConfigurationPlatforms) = preSolution
		Debug|Any CPU = Debug|Any CPU
		Release|Any CPU = Release|Any CPU
	EndGlobalSection
	GlobalSection(ProjectConfigurationPlatforms) = postSolution
		{CFAFD763-BCA4-4DDA-8A37-C8596FA5E7CD}.Debug|Any CPU.ActiveCfg = Debug|Any CPU
		{CFAFD763-BCA4-4DDA-8A37-C8596FA5E7CD}.Debug|Any CPU.Build.0 = Debug|Any CPU
		{CFAFD763-BCA4-4DDA-8A37-C8596FA5E7CD}.Release|Any CPU.ActiveCfg = Release|Any CPU
		{CFAFD763-BCA4-4DDA-8A37-C8596FA5E7CD}.Release|Any CPU.Build.0 = Release|Any CPU
	EndGlobalSection
	GlobalSection(SolutionProperties) = preSolution
		HideSolutionNode = FALSE
	EndGlobalSection
	GlobalSection(ExtensibilityGlobals) = postSolution
		SolutionGuid = {816EB85E-B567-421D-A1EF-736B2440B7EC}
	EndGlobalSection
EndGlobal
